github.com/alex210501/borbo.io v0.0.6 h1:r8B2UgQSZYXbYQXeNKKFgA4sbCIzw46wkXCKA5AWf4s=
github.com/alex210501/borbo.io v0.0.6/go.mod h1:+qDLzhWz/2v422UUblvngm97l1/Ozlb2SndycCK2hX4=
github.com/alex210501/borbo.io v0.0.7 h1:p30YuOQdp6ihxspV4/3UWLJrh+/lXdukK4wYg7C9/1o=
github.com/alex210501/borbo.io v0.0.7/go.mod h1:+qDLzhWz/2v422UUblvngm97l1/Ozlb2SndycCK2hX4=
